hash: c7d5b64be7d2a530becbe7aa44f1f65fdff4deeb256441470517084f9e8eb835
updated: 2018-09-09T21:42:58.276705056+02:00
imports:
- name: github.com/agext/levenshtein
  version: 5f10fee965225ac1eecdc234c09daf5cd9e7f7b6
- name: github.com/apparentlymart/go-cidr
  version: b1115bf8e14a60131a196f908223e4506b0ddc35
  subpackages:
  - cidr
- name: github.com/apparentlymart/go-textseg
  version: fb01f485ebef760e5ee06d55e1b07534dda2d295
  subpackages:
  - textseg
- name: github.com/armon/go-radix
  version: 1a2de0c21c94309923825da3df33a4381872c795
- name: github.com/aws/aws-sdk-go
  version: 8609a77e872221af054dd404430291a856c9ec75
  subpackages:
  - aws
  - aws/awserr
  - aws/awsutil
  - aws/client
  - aws/client/metadata
  - aws/corehandlers
  - aws/credentials
  - aws/credentials/ec2rolecreds
  - aws/credentials/endpointcreds
  - aws/credentials/stscreds
  - aws/csm
  - aws/defaults
  - aws/ec2metadata
  - aws/endpoints
  - aws/request
  - aws/session
  - aws/signer/v4
  - internal/sdkio
  - internal/sdkrand
  - internal/sdkuri
  - internal/shareddefaults
  - private/protocol
  - private/protocol/eventstream
  - private/protocol/eventstream/eventstreamapi
  - private/protocol/query
  - private/protocol/query/queryutil
  - private/protocol/rest
  - private/protocol/restxml
  - private/protocol/xml/xmlutil
  - service/s3
  - service/sts
- name: github.com/bgentry/go-netrc
  version: 9fd32a8b3d3d3f9d43c341bfe098430e07609480
  subpackages:
  - netrc
- name: github.com/bgentry/speakeasy
  version: 4aabc24848ce5fd31929f7d1e4ea74d3709c14cd
- name: github.com/blang/semver
  version: 3c1074078d32d767e08ab2c8564867292da86926
- name: github.com/c4milo/gotoolkit
  version: e37eeabad07ed8fbe83a0b222c963c480394f033
- name: github.com/client9/misspell
  version: c0b55c8239520f6b5aa15a0207ca8b28027ba49e
  subpackages:
  - cmd/misspell
- name: github.com/davecgh/go-spew
  version: 8991bc29aa16c548c550c7ff78260e27b9ab7c73
  subpackages:
  - spew
- name: github.com/fatih/color
  version: 2d684516a8861da43017284349b7e303e809ac21
- name: github.com/go-ini/ini
  version: 5cf292cae48347c2490ac1a58fe36735fb78df7e
- name: github.com/golang/lint
  version: 06c8688daad7faa9da5a0c2f163a3d14aac986ca
  subpackages:
  - golint
- name: github.com/golang/protobuf
  version: b27b920f9e71b439b873b17bf99f56467623814a
  subpackages:
  - proto
  - protoc-gen-go
  - protoc-gen-go/descriptor
  - protoc-gen-go/generator
  - protoc-gen-go/generator/internal/remap
  - protoc-gen-go/grpc
  - protoc-gen-go/plugin
  - ptypes
  - ptypes/any
  - ptypes/duration
  - ptypes/timestamp
- name: github.com/hashicorp/errwrap
  version: 8a6fb523712970c966eefc6b39ed2c5e74880354
- name: github.com/hashicorp/go-cleanhttp
  version: e8ab9daed8d1ddd2d3c4efba338fe2eeae2e4f18
- name: github.com/hashicorp/go-getter
  version: 4bda8fa99001c61db3cad96b421d4c12a81f256d
  subpackages:
  - helper/url
- name: github.com/hashicorp/go-hclog
  version: 75ecd6e6d64509d675da33386b15e1174566177b
- name: github.com/hashicorp/go-multierror
  version: 886a7fbe3eb1c874d46f623bfa70af45f425b3d1
- name: github.com/hashicorp/go-plugin
  version: a4620f9913d19f03a6bf19b2f304daaaf83ea130
- name: github.com/hashicorp/go-safetemp
  version: c9a55de4fe06c920a71964b53cfe3dd293a3c743
- name: github.com/hashicorp/go-uuid
  version: de160f5c59f693fed329e73e291bb751fe4ea4dc
- name: github.com/hashicorp/go-version
  version: b5a281d3160aa11950a6182bd9a9dc2cb1e02d50
- name: github.com/hashicorp/hcl
  version: 65a6292f0157eff210d03ed1bf6c59b190b8b906
  subpackages:
  - hcl/ast
  - hcl/parser
  - hcl/scanner
  - hcl/strconv
  - hcl/token
  - json/parser
  - json/scanner
  - json/token
- name: github.com/hashicorp/hcl2
  version: 864f97c8ab203ef9f72a47f231e7d10e52a33ce7
  subpackages:
  - gohcl
  - hcl
  - hcl/hclsyntax
  - hcl/json
  - hcldec
  - hclparse
- name: github.com/hashicorp/hil
  version: fa9f258a92500514cc8e9c67020487709df92432
  subpackages:
  - ast
  - parser
  - scanner
- name: github.com/hashicorp/logutils
  version: a335183dfd075f638afcc820c90591ca3c97eba6
- name: github.com/hashicorp/terraform
  version: 6dfc4d748de9cda23835bc5704307ed45e839622
  subpackages:
  - config
  - config/configschema
  - config/hcl2shim
  - config/module
  - dag
  - flatmap
  - helper/acctest
  - helper/config
  - helper/hashcode
  - helper/hilmapstructure
  - helper/logging
  - helper/mutexkv
  - helper/resource
  - helper/schema
  - httpclient
  - moduledeps
  - plugin
  - plugin/discovery
  - registry
  - registry/regsrc
  - registry/response
  - svchost
  - svchost/auth
  - svchost/disco
  - terraform
  - tfdiags
  - version
- name: github.com/hashicorp/yamux
  version: e8ac8b4dab4a3ff8ba72db8fa1a43d6d1f8747c8
- name: github.com/hooklift/iso9660
  version: d6245ab24065917ac16be2ff10ddd3934f41fe54
- name: github.com/imdario/mergo
  version: 9f23e2d6bd2a77f959b2bf6acdbefd708a83a4a4
- name: github.com/jmespath/go-jmespath
  version: c2b33e8439af944379acbdd9c3a5fe0bc44bd8a5
- name: github.com/kisielk/gotool
  version: 80517062f582ea3340cd4baf70e86d539ae7d84d
  subpackages:
  - internal/load
- name: github.com/libvirt/libvirt-go
  version: d5e0adac44d4365a2d97e259f51ab76cc3c01b20
- name: github.com/libvirt/libvirt-go-xml
  version: 64ef6bd8d0100d46803df155a9d180796815e3aa
- name: github.com/mattn/go-colorable
  version: efa589957cd060542a26d2dd7832fd6a6c6c3ade
- name: github.com/mattn/go-isatty
  version: 3fb116b820352b7f0c281308a4d6250c22d94e27
- name: github.com/mitchellh/cli
  version: 3d22a244be8aa6fb16ac24af0e195c08b7d973aa
- name: github.com/mitchellh/copystructure
  version: 9a1b6f44e8da0e0e374624fb0a825a231b00c537
- name: github.com/mitchellh/go-homedir
  version: ae18d6b8b3205b561c79e8e5f69bff09736185f4
- name: github.com/mitchellh/go-testing-interface
  version: 6d0b8010fcc857872e42fc6c931227569016843c
- name: github.com/mitchellh/go-wordwrap
  version: 9e67c67572bc5dd02aef930e2b0ae3c02a4b5a5c
- name: github.com/mitchellh/hashstructure
  version: a38c50148365edc8df43c1580c48fb2b3a1e9cd7
- name: github.com/mitchellh/mapstructure
  version: fa473d140ef3c6adf42d6b391fe76707f1f243c8
- name: github.com/mitchellh/packer
  version: d1cc5451e933f39986bdc1069e9d26e534cde548
  subpackages:
  - common/uuid
- name: github.com/mitchellh/reflectwalk
  version: eecee6c969c02c8cc2ae48e1e269843ae8590796
- name: github.com/oklog/run
  version: 6934b124db28979da51d3470dadfa34d73d72652
- name: github.com/posener/complete
  version: c43123851dc34b5c712ef0298118ae2da47e1365
  subpackages:
  - cmd
  - cmd/install
  - match
- name: github.com/ulikunitz/xz
  version: 636d36a76670e6c700f22fd5f4588679ff2896c4
  subpackages:
  - internal/hash
  - internal/xlog
  - lzma
- name: github.com/zclconf/go-cty
  version: 12ca9334a95ffdef66da89903a0aae9865f5ac4e
  subpackages:
  - cty
  - cty/convert
  - cty/function
  - cty/function/stdlib
  - cty/gocty
  - cty/json
  - cty/set
- name: golang.org/x/crypto
  version: 0709b304e793a5edb4a2c0145f281ecdc20838a4
  subpackages:
  - bcrypt
  - blowfish
  - cast5
  - curve25519
  - ed25519
  - ed25519/internal/edwards25519
  - internal/chacha20
  - internal/subtle
  - openpgp
  - openpgp/armor
  - openpgp/elgamal
  - openpgp/errors
  - openpgp/packet
  - openpgp/s2k
  - poly1305
  - ssh
- name: golang.org/x/lint
  version: 06c8688daad7faa9da5a0c2f163a3d14aac986ca
- name: golang.org/x/net
  version: 161cd47e91fd58ac17490ef4d742dc98bb4cf60e
  subpackages:
  - context
  - html
  - html/atom
  - http/httpguts
  - http2
  - http2/hpack
  - idna
  - internal/timeseries
  - trace
- name: golang.org/x/sys
  version: d0be0721c37eeb5299f245a996a483160fc36940
  subpackages:
  - unix
- name: golang.org/x/text
  version: 4ae1256249243a4eb350a9a372e126557f2aa346
  subpackages:
  - secure/bidirule
  - transform
  - unicode/bidi
  - unicode/norm
- name: golang.org/x/tools
  version: 0aa4b8830f481fed77b73cf7cea2bc3129e05148
  subpackages:
  - cmd/goimports
  - go/ast/astutil
  - go/buildutil
  - go/gcexportdata
  - go/internal/cgo
  - go/internal/gcimporter
  - go/loader
  - go/types/typeutil
  - imports
  - internal/fastwalk
- name: google.golang.org/genproto
  version: 11092d34479b07829b72e10713b159248caf5dad
  subpackages:
  - googleapis/rpc/status
- name: google.golang.org/grpc
  version: 5fe5ce74bb4367bbef83a0bf91e8af5f07160823
  subpackages:
  - balancer
  - balancer/base
  - balancer/roundrobin
  - codes
  - connectivity
  - credentials
  - encoding
  - encoding/proto
  - grpclog
  - health
  - health/grpc_health_v1
  - internal
  - internal/backoff
  - internal/channelz
  - internal/envconfig
  - internal/grpcrand
  - internal/transport
  - keepalive
  - metadata
  - naming
  - peer
  - resolver
  - resolver/dns
  - resolver/passthrough
  - stats
  - status
  - tap
- name: gopkg.in/yaml.v2
  version: 5420a8b6744d3b0345ab293f6fcba19c978f1183
- name: honnef.co/go/tools
  version: 88497007e8588ea5b6baee991f74a1607e809487
  subpackages:
  - callgraph
  - callgraph/static
  - cmd/staticcheck
  - deprecated
  - functions
  - internal/sharedcheck
  - lint
  - lint/lintdsl
  - lint/lintutil
  - ssa
  - ssa/ssautil
  - staticcheck
  - staticcheck/vrp
  - version
testImports:
- name: github.com/coreos/go-semver
  version: 294930c1e79c64e7dbe360054274fdad492c8cf5
  subpackages:
  - semver
- name: github.com/coreos/go-systemd
  version: 40e2722dffead74698ca12a750f64ef313ddce05
  subpackages:
  - dbus
  - unit
- name: github.com/coreos/ignition
  version: bd3876b8f1d627625fe266a0e35256ba05e664e3
  subpackages:
  - config/errors
  - config/v2_1/types
  - config/validate/report
- name: github.com/terraform-providers/terraform-provider-ignition
  version: 3168afa8c74263515839d645ec9b819d21fc20f0
  subpackages:
  - ignition
- name: github.com/vincent-petithory/dataurl
  version: 9a301d65acbb728fcc3ace14f45f511a4cfeea9c
